
Microsoft Visual Studio Solution File, Format Version 12.00
# Visual Studio 2013
VisualStudioVersion = 12.0.40629.0
MinimumVisualStudioVersion = 10.0.40219.1
Project("{FAE04EC0-301F-11D3-BF4B-00C04F79EFBC}") = "Bouduin.Util.Document", "Bouduin.Util.Document\Bouduin.Util.Document.csproj", "{09090C84-84D1-4884-B30E-80B5E9D5C598}"
EndProject
Project("{FAE04EC0-301F-11D3-BF4B-00C04F79EFBC}") = "Bouduin.Util.Holiday", "Bouduin.Util.Holiday\Bouduin.Util.Holiday.csproj", "{EC47E1F9-399D-4F49-B9E3-0A72BCC2DE99}"
EndProject
Project("{FAE04EC0-301F-11D3-BF4B-00C04F79EFBC}") = "Bouduin.Util.Common", "Bouduin.Util.Common\Bouduin.Util.Common.csproj", "{C95650E4-3086-48E2-8227-6CAADFE7D327}"
EndProject
Project("{FAE04EC0-301F-11D3-BF4B-00C04F79EFBC}") = "Bouduin.Util.Test", "Bouduin.Util.Test\Bouduin.Util.Test.csproj", "{89699BE8-FEA9-42D0-BF98-2F154CFD57A5}"
EndProject
Global
	GlobalSection(SolutionConfigurationPlatforms) = preSolution
		Debug|Any CPU = Debug|Any CPU
		Release|Any CPU = Release|Any CPU
	EndGlobalSection
	GlobalSection(ProjectConfigurationPlatforms) = postSolution
		{09090C84-84D1-4884-B30E-80B5E9D5C598}.Debug|Any CPU.ActiveCfg = Debug|Any CPU
		{09090C84-84D1-4884-B30E-80B5E9D5C598}.Debug|Any CPU.Build.0 = Debug|Any CPU
		{09090C84-84D1-4884-B30E-80B5E9D5C598}.Release|Any CPU.ActiveCfg = Release|Any CPU
		{09090C84-84D1-4884-B30E-80B5E9D5C598}.Release|Any CPU.Build.0 = Release|Any CPU
		{EC47E1F9-399D-4F49-B9E3-0A72BCC2DE99}.Debug|Any CPU.ActiveCfg = Debug|Any CPU
		{EC47E1F9-399D-4F49-B9E3-0A72BCC2DE99}.Debug|Any CPU.Build.0 = Debug|Any CPU
		{EC47E1F9-399D-4F49-B9E3-0A72BCC2DE99}.Release|Any CPU.ActiveCfg = Release|Any CPU
		{EC47E1F9-399D-4F49-B9E3-0A72BCC2DE99}.Release|Any CPU.Build.0 = Release|Any CPU
		{C95650E4-3086-48E2-8227-6CAADFE7D327}.Debug|Any CPU.ActiveCfg = Debug|Any CPU
		{C95650E4-3086-48E2-8227-6CAADFE7D327}.Debug|Any CPU.Build.0 = Debug|Any CPU
		{C95650E4-3086-48E2-8227-6CAADFE7D327}.Release|Any CPU.ActiveCfg = Release|Any CPU
		{C95650E4-3086-48E2-8227-6CAADFE7D327}.Release|Any CPU.Build.0 = Release|Any CPU
		{89699BE8-FEA9-42D0-BF98-2F154CFD57A5}.Debug|Any CPU.ActiveCfg = Debug|Any CPU
		{89699BE8-FEA9-42D0-BF98-2F154CFD57A5}.Debug|Any CPU.Build.0 = Debug|Any CPU
		{89699BE8-FEA9-42D0-BF98-2F154CFD57A5}.Release|Any CPU.ActiveCfg = Release|Any CPU
		{89699BE8-FEA9-42D0-BF98-2F154CFD57A5}.Release|Any CPU.Build.0 = Release|Any CPU
	EndGlobalSection
	GlobalSection(SolutionProperties) = preSolution
		HideSolutionNode = FALSE
	EndGlobalSection
EndGlobal
